# This file is automatically @generated by Cargo.
# It is not intended for manual editing.
version = 3

[[package]]
name = "aho-corasick"
version = "0.7.18"
source = "registry+https://github.com/rust-lang/crates.io-index"
checksum = "1e37cfd5e7657ada45f742d6e99ca5788580b5c529dc78faf11ece6dc702656f"
dependencies = [
 "memchr",
]

[[package]]
name = "atk"
version = "0.7.0"
source = "registry+https://github.com/rust-lang/crates.io-index"
checksum = "86b7499272acf036bb5820c6e346bbfb5acc5dceb104bc2c4fd7e6e33dfcde6a"
dependencies = [
 "atk-sys",
 "bitflags",
 "glib",
 "glib-sys",
 "gobject-sys",
 "libc",
]

[[package]]
name = "atk-sys"
version = "0.9.0"
source = "registry+https://github.com/rust-lang/crates.io-index"
checksum = "5067531f752c01027f004032bb676e715aba74b75e904a7340a61ce3fb0b61b0"
dependencies = [
 "glib-sys",
 "gobject-sys",
 "libc",
 "pkg-config",
]

[[package]]
name = "autocfg"
version = "0.1.7"
source = "registry+https://github.com/rust-lang/crates.io-index"
checksum = "1d49d90015b3c36167a20fe2810c5cd875ad504b39cff3d4eae7977e6b7c1cb2"

[[package]]
name = "bitflags"
version = "1.2.1"
source = "registry+https://github.com/rust-lang/crates.io-index"
checksum = "cf1de2fe8c75bc145a2f577add951f8134889b4795d47466a54a5c846d691693"

[[package]]
name = "cairo-rs"
version = "0.7.1"
source = "registry+https://github.com/rust-lang/crates.io-index"
checksum = "e05db47de3b0f09a222fa4bba2eab957d920d4243962a86b2d77ab401e4a359c"
dependencies = [
 "bitflags",
 "cairo-sys-rs",
 "glib",
 "glib-sys",
 "gobject-sys",
 "libc",
]

[[package]]
name = "cairo-sys-rs"
version = "0.9.0"
source = "registry+https://github.com/rust-lang/crates.io-index"
checksum = "90a1ec04603a78c111886a385edcec396dbfbc57ea26b9e74aeea6a1fe55dcca"
dependencies = [
 "glib-sys",
 "libc",
 "pkg-config",
 "winapi",
]

[[package]]
name = "cc"
version = "1.0.46"
source = "registry+https://github.com/rust-lang/crates.io-index"
checksum = "0213d356d3c4ea2c18c40b037c3be23cd639825c18f25ee670ac7813beeef99c"

[[package]]
name = "cfg-if"
version = "0.1.10"
source = "registry+https://github.com/rust-lang/crates.io-index"
checksum = "4785bdd1c96b2a846b2bd7cc02e86b6b3dbf14e7e53446c4f54c92a361040822"

[[package]]
name = "chrono"
version = "0.2.25"
source = "registry+https://github.com/rust-lang/crates.io-index"
checksum = "9213f7cd7c27e95c2b57c49f0e69b1ea65b27138da84a170133fd21b07659c00"
dependencies = [
 "num",
 "time",
]

[[package]]
name = "dtoa"
version = "0.4.4"
source = "registry+https://github.com/rust-lang/crates.io-index"
checksum = "ea57b42383d091c85abcc2706240b94ab2a8fa1fc81c10ff23c4de06e2a90b5e"

[[package]]
name = "fragile"
version = "0.3.0"
source = "registry+https://github.com/rust-lang/crates.io-index"
checksum = "05f8140122fa0d5dcb9fc8627cfce2b37cc1500f752636d46ea28bc26785c2f9"

[[package]]
name = "gdk"
version = "0.11.0"
source = "registry+https://github.com/rust-lang/crates.io-index"
checksum = "6243e995f41f3a61a31847e54cc719edce93dd9140c89dca3b9919be1cfe22d5"
dependencies = [
 "bitflags",
 "cairo-rs",
 "cairo-sys-rs",
 "gdk-pixbuf",
 "gdk-sys",
 "gio",
 "gio-sys",
 "glib",
 "glib-sys",
 "gobject-sys",
 "libc",
 "pango",
]

[[package]]
name = "gdk-pixbuf"
version = "0.7.0"
source = "registry+https://github.com/rust-lang/crates.io-index"
checksum = "9726408ee1bbada83094326a99b9c68fea275f9dbb515de242a69e72051f4fcc"
dependencies = [
 "gdk-pixbuf-sys",
 "gio",
 "gio-sys",
 "glib",
 "glib-sys",
 "gobject-sys",
 "libc",
]

[[package]]
name = "gdk-pixbuf-sys"
version = "0.9.0"
source = "registry+https://github.com/rust-lang/crates.io-index"
checksum = "b1d6778abf5764b9080a9345a16c5d16289426a3b3edd808a29a9061d431c465"
dependencies = [
 "gio-sys",
 "glib-sys",
 "gobject-sys",
 "libc",
 "pkg-config",
]

[[package]]
name = "gdk-sys"
version = "0.9.0"
source = "registry+https://github.com/rust-lang/crates.io-index"
checksum = "3ebe06357212127f50575b535bdb04638f5d375bb41062287abc6c94e5b8067b"
dependencies = [
 "cairo-sys-rs",
 "gdk-pixbuf-sys",
 "gio-sys",
 "glib-sys",
 "gobject-sys",
 "libc",
 "pango-sys",
 "pkg-config",
]

[[package]]
name = "gio"
version = "0.7.0"
source = "registry+https://github.com/rust-lang/crates.io-index"
checksum = "6261b5d34c30c2d59f879e643704cf54cb44731f3a2038000b68790c03e360e3"
dependencies = [
 "bitflags",
 "fragile",
 "gio-sys",
 "glib",
 "glib-sys",
 "gobject-sys",
 "lazy_static 1.4.0",
 "libc",
]

[[package]]
name = "gio-sys"
version = "0.9.0"
source = "registry+https://github.com/rust-lang/crates.io-index"
checksum = "778b856a70a32e2cc5dd5cc7fa1b0c4b6df924fdf5c82984bc28f30565657cfe"
dependencies = [
 "glib-sys",
 "gobject-sys",
 "libc",
 "pkg-config",
]

[[package]]
name = "glib"
version = "0.8.2"
source = "registry+https://github.com/rust-lang/crates.io-index"
checksum = "be27232841baa43e0fd5ae003f7941925735b2f733a336dc75f07b9eff415e7b"
dependencies = [
 "bitflags",
 "glib-sys",
 "gobject-sys",
 "lazy_static 1.4.0",
 "libc",
]

[[package]]
name = "glib-sys"
version = "0.9.0"
source = "registry+https://github.com/rust-lang/crates.io-index"
checksum = "4b86a9169fbc9cf9a0ef315039c2304b09d5c575c5fde7defba3576a0311b863"
dependencies = [
 "libc",
 "pkg-config",
]

[[package]]
name = "gobject-sys"
version = "0.9.0"
source = "registry+https://github.com/rust-lang/crates.io-index"
checksum = "61d55bc9202447ca776f6ad0048c36e3312010f66f82ab478e97513e93f3604b"
dependencies = [
 "glib-sys",
 "libc",
 "pkg-config",
]

[[package]]
name = "gtk"
version = "0.7.0"
source = "registry+https://github.com/rust-lang/crates.io-index"
checksum = "709f1074259d4685b96133f92b75c7f35b504715b0fcdc96ec95de2607296a60"
dependencies = [
 "atk",
 "bitflags",
 "cairo-rs",
 "cairo-sys-rs",
 "cc",
 "gdk",
 "gdk-pixbuf",
 "gdk-pixbuf-sys",
 "gdk-sys",
 "gio",
 "gio-sys",
 "glib",
 "glib-sys",
 "gobject-sys",
 "gtk-sys",
 "lazy_static 1.4.0",
 "libc",
 "pango",
 "pango-sys",
]

[[package]]
name = "gtk-sys"
version = "0.9.0"
source = "registry+https://github.com/rust-lang/crates.io-index"
checksum = "bbd9395497ae1d1915d1d6e522d51ae8745bf613906c34ac191c411250fc4025"
dependencies = [
 "atk-sys",
 "cairo-sys-rs",
 "gdk-pixbuf-sys",
 "gdk-sys",
 "gio-sys",
 "glib-sys",
 "gobject-sys",
 "libc",
 "pango-sys",
 "pkg-config",
]

[[package]]
name = "itoa"
version = "0.3.4"
source = "registry+https://github.com/rust-lang/crates.io-index"
checksum = "8324a32baf01e2ae060e9de58ed0bc2320c9a2833491ee36cd3b4c414de4db8c"

[[package]]
name = "lazy_static"
version = "0.2.11"
source = "registry+https://github.com/rust-lang/crates.io-index"
checksum = "76f033c7ad61445c5b347c7382dd1237847eb1bce590fe50365dcb33d546be73"

[[package]]
name = "lazy_static"
version = "1.4.0"
source = "registry+https://github.com/rust-lang/crates.io-index"
checksum = "e2abad23fbc42b3700f2f279844dc832adb2b2eb069b2df918f455c4e18cc646"

[[package]]
name = "libc"
version = "0.2.65"
source = "registry+https://github.com/rust-lang/crates.io-index"
checksum = "1a31a0627fdf1f6a39ec0dd577e101440b7db22672c0901fe00a9a6fbb5c24e8"

[[package]]
name = "log"
version = "0.3.9"
source = "registry+https://github.com/rust-lang/crates.io-index"
checksum = "e19e8d5c34a3e0e2223db8e060f9e8264aeeb5c5fc64a4ee9965c062211c024b"
dependencies = [
 "log 0.4.8",
]

[[package]]
name = "log"
version = "0.4.8"
source = "registry+https://github.com/rust-lang/crates.io-index"
checksum = "14b6052be84e6b71ab17edffc2eeabf5c2c3ae1fdb464aae35ac50c67a44e1f7"
dependencies = [
 "cfg-if",
]

[[package]]
name = "memchr"
version = "2.5.0"
source = "registry+https://github.com/rust-lang/crates.io-index"
checksum = "2dffe52ecf27772e601905b7522cb4ef790d2cc203488bbd0e2fe85fcb74566d"

[[package]]
name = "num"
version = "0.1.42"
source = "registry+https://github.com/rust-lang/crates.io-index"
checksum = "4703ad64153382334aa8db57c637364c322d3372e097840c72000dabdcf6156e"
dependencies = [
 "num-integer",
 "num-iter",
 "num-traits 0.2.8",
]

[[package]]
name = "num-integer"
version = "0.1.41"
source = "registry+https://github.com/rust-lang/crates.io-index"
checksum = "b85e541ef8255f6cf42bbfe4ef361305c6c135d10919ecc26126c4e5ae94bc09"
dependencies = [
 "autocfg",
 "num-traits 0.2.8",
]

[[package]]
name = "num-iter"
version = "0.1.39"
source = "registry+https://github.com/rust-lang/crates.io-index"
checksum = "76bd5272412d173d6bf9afdf98db8612bbabc9a7a830b7bfc9c188911716132e"
dependencies = [
 "autocfg",
 "num-integer",
 "num-traits 0.2.8",
]

[[package]]
name = "num-traits"
version = "0.1.43"
source = "registry+https://github.com/rust-lang/crates.io-index"
checksum = "92e5113e9fd4cc14ded8e499429f396a20f98c772a47cc8622a736e1ec843c31"
dependencies = [
 "num-traits 0.2.8",
]

[[package]]
name = "num-traits"
version = "0.2.8"
source = "registry+https://github.com/rust-lang/crates.io-index"
checksum = "6ba9a427cfca2be13aa6f6403b0b7e7368fe982bfa16fccc450ce74c46cd9b32"
dependencies = [
 "autocfg",
]

[[package]]
name = "pango"
version = "0.7.0"
source = "registry+https://github.com/rust-lang/crates.io-index"
checksum = "393fa071b144f8ffb83ede273758983cf414ca3c0b1d2a5a9ce325b3ba3dd786"
dependencies = [
 "bitflags",
 "glib",
 "glib-sys",
 "gobject-sys",
 "lazy_static 1.4.0",
 "libc",
 "pango-sys",
]

[[package]]
name = "pango-sys"
version = "0.9.0"
source = "registry+https://github.com/rust-lang/crates.io-index"
checksum = "1ee97abcad820f9875e032656257ad1c790e7b11a0e6ce2516a8f5b0d8f8213f"
dependencies = [
 "glib-sys",
 "gobject-sys",
 "libc",
 "pkg-config",
]

[[package]]
name = "pkg-config"
version = "0.3.16"
source = "registry+https://github.com/rust-lang/crates.io-index"
checksum = "72d5370d90f49f70bd033c3d75e87fc529fbfff9d6f7cccef07d6170079d91ea"

[[package]]
name = "quote"
version = "0.3.15"
source = "registry+https://github.com/rust-lang/crates.io-index"
checksum = "7a6e920b65c65f10b2ae65c831a81a073a89edd28c7cce89475bff467ab4167a"

[[package]]
name = "redox_syscall"
version = "0.1.56"
source = "registry+https://github.com/rust-lang/crates.io-index"
checksum = "2439c63f3f6139d1b57529d16bc3b8bb855230c8efcc5d3a896c8bea7c3b1e84"

[[package]]
name = "regex"
version = "1.5.5"
source = "registry+https://github.com/rust-lang/crates.io-index"
checksum = "1a11647b6b25ff05a515cb92c365cec08801e83423a235b51e231e1808747286"
dependencies = [
 "aho-corasick",
 "memchr",
 "regex-syntax",
]

[[package]]
name = "regex-syntax"
version = "0.6.26"
source = "registry+https://github.com/rust-lang/crates.io-index"
checksum = "49b3de9ec5dc0a3417da371aab17d729997c15010e7fd24ff707773a33bddb64"

[[package]]
name = "serde"
version = "0.9.15"
source = "registry+https://github.com/rust-lang/crates.io-index"
checksum = "34b623917345a631dc9608d5194cc206b3fe6c3554cd1c75b937e55e285254af"

[[package]]
name = "serde_codegen_internals"
version = "0.14.2"
source = "registry+https://github.com/rust-lang/crates.io-index"
checksum = "bc888bd283bd2420b16ad0d860e35ad8acb21941180a83a189bb2046f9d00400"
dependencies = [
 "syn",
]

[[package]]
name = "serde_derive"
version = "0.9.15"
source = "registry+https://github.com/rust-lang/crates.io-index"
checksum = "978fd866f4d4872084a81ccc35e275158351d3b9fe620074e7d7504b816b74ba"
dependencies = [
 "quote",
 "serde_codegen_internals",
 "syn",
]

[[package]]
name = "serde_json"
version = "0.9.10"
source = "registry+https://github.com/rust-lang/crates.io-index"
checksum = "ad8bcf487be7d2e15d3d543f04312de991d631cfe1b43ea0ade69e6a8a5b16a1"
dependencies = [
 "dtoa",
 "itoa",
 "num-traits 0.1.43",
 "serde",
]

[[package]]
name = "syn"
version = "0.11.11"
source = "registry+https://github.com/rust-lang/crates.io-index"
checksum = "d3b891b9015c88c576343b9b3e41c2c11a51c219ef067b264bd9c8aa9b441dad"
dependencies = [
 "quote",
 "synom",
 "unicode-xid",
]

[[package]]
name = "synom"
version = "0.11.3"
source = "registry+https://github.com/rust-lang/crates.io-index"
checksum = "a393066ed9010ebaed60b9eafa373d4b1baac186dd7e008555b0f702b51945b6"
dependencies = [
 "unicode-xid",
]

[[package]]
name = "task-hookrs"
version = "0.3.0"
source = "registry+https://github.com/rust-lang/crates.io-index"
checksum = "e83453d4deab9968cee21dd5adb218460a220d6725a34f469dfc11fb678f0ec9"
dependencies = [
 "chrono",
 "log 0.3.9",
 "serde",
 "serde_derive",
 "serde_json",
 "uuid",
]

[[package]]
name = "tasktree"
version = "0.1.0"
dependencies = [
 "gdk",
 "glib",
 "gtk",
 "lazy_static 0.2.11",
 "regex",
 "serde",
 "serde_derive",
 "serde_json",
 "task-hookrs",
 "uuid",
]

[[package]]
name = "time"
version = "0.1.42"
source = "registry+https://github.com/rust-lang/crates.io-index"
checksum = "db8dcfca086c1143c9270ac42a2bbd8a7ee477b78ac8e45b19abfb0cbede4b6f"
dependencies = [
 "libc",
 "redox_syscall",
 "winapi",
]

[[package]]
name = "unicode-xid"
version = "0.0.4"
source = "registry+https://github.com/rust-lang/crates.io-index"
checksum = "8c1f860d7d29cf02cb2f3f359fd35991af3d30bac52c57d265a3c461074cb4dc"

[[package]]
name = "uuid"
version = "0.4.0"
source = "registry+https://github.com/rust-lang/crates.io-index"
checksum = "7cfec50b0842181ba6e713151b72f4ec84a6a7e2c9c8a8a3ffc37bb1cd16b231"
dependencies = [
 "serde",
]

[[package]]
name = "winapi"
version = "0.3.8"
source = "registry+https://github.com/rust-lang/crates.io-index"
checksum = "8093091eeb260906a183e6ae1abdba2ef5ef2257a21801128899c3fc699229c6"
dependencies = [
 "winapi-i686-pc-windows-gnu",
 "winapi-x86_64-pc-windows-gnu",
]

[[package]]
name = "winapi-i686-pc-windows-gnu"
version = "0.4.0"
source = "registry+https://github.com/rust-lang/crates.io-index"
checksum = "ac3b87c63620426dd9b991e5ce0329eff545bccbbb34f3be09ff6fb6ab51b7b6"

[[package]]
name = "winapi-x86_64-pc-windows-gnu"
version = "0.4.0"
source = "registry+https://github.com/rust-lang/crates.io-index"
checksum = "712e227841d057c1ee1cd2fb22fa7e5a5461ae8e48fa2ca79ec42cfc1931183f"
